
Microsoft Visual Studio Solution File, Format Version 12.00
# Visual Studio Version 17
VisualStudioVersion = 17.4.33110.190
MinimumVisualStudioVersion = 10.0.40219.1
Project("{6EC3EE1D-3C4E-46DD-8F32-0CC8E7565705}") = "Provider", "Provider\Provider.fsproj", "{3D15D7F3-DF9E-4164-B651-3D13A82C59B5}"
EndProject
Project("{6EC3EE1D-3C4E-46DD-8F32-0CC8E7565705}") = "Tests", "Tests\Tests.fsproj", "{75F87F95-32E3-489A-A8AB-8696CE895739}"
EndProject
Project("{2150E333-8FDC-42A3-9474-1A3956D46DE8}") = "Examples", "Examples", "{F202594C-5E4F-40AE-BA91-F3E070FCD600}"
EndProject
Project("{9A19103F-16F7-4668-BE54-9A1E7A4F7556}") = "Pulumi.Jsonschema", "Examples\pulumi\dotnet\Pulumi.Jsonschema.csproj", "{6823E844-587C-4811-B110-555D0A50220A}"
EndProject
Global
	GlobalSection(SolutionConfigurationPlatforms) = preSolution
		Debug|Any CPU = Debug|Any CPU
		Release|Any CPU = Release|Any CPU
	EndGlobalSection
	GlobalSection(ProjectConfigurationPlatforms) = postSolution
		{3D15D7F3-DF9E-4164-B651-3D13A82C59B5}.Debug|Any CPU.ActiveCfg = Debug|Any CPU
		{3D15D7F3-DF9E-4164-B651-3D13A82C59B5}.Debug|Any CPU.Build.0 = Debug|Any CPU
		{3D15D7F3-DF9E-4164-B651-3D13A82C59B5}.Release|Any CPU.ActiveCfg = Release|Any CPU
		{3D15D7F3-DF9E-4164-B651-3D13A82C59B5}.Release|Any CPU.Build.0 = Release|Any CPU
		{75F87F95-32E3-489A-A8AB-8696CE895739}.Debug|Any CPU.ActiveCfg = Debug|Any CPU
		{75F87F95-32E3-489A-A8AB-8696CE895739}.Debug|Any CPU.Build.0 = Debug|Any CPU
		{75F87F95-32E3-489A-A8AB-8696CE895739}.Release|Any CPU.ActiveCfg = Release|Any CPU
		{75F87F95-32E3-489A-A8AB-8696CE895739}.Release|Any CPU.Build.0 = Release|Any CPU
		{6823E844-587C-4811-B110-555D0A50220A}.Debug|Any CPU.ActiveCfg = Debug|Any CPU
		{6823E844-587C-4811-B110-555D0A50220A}.Debug|Any CPU.Build.0 = Debug|Any CPU
		{6823E844-587C-4811-B110-555D0A50220A}.Release|Any CPU.ActiveCfg = Release|Any CPU
		{6823E844-587C-4811-B110-555D0A50220A}.Release|Any CPU.Build.0 = Release|Any CPU
	EndGlobalSection
	GlobalSection(SolutionProperties) = preSolution
		HideSolutionNode = FALSE
	EndGlobalSection
	GlobalSection(NestedProjects) = preSolution
		{6823E844-587C-4811-B110-555D0A50220A} = {F202594C-5E4F-40AE-BA91-F3E070FCD600}
	EndGlobalSection
	GlobalSection(ExtensibilityGlobals) = postSolution
		SolutionGuid = {BBFD1054-8A28-42A4-B460-25F2372E82C4}
	EndGlobalSection
EndGlobal
